{
  "requires": true,
  "lockfileVersion": 1,
  "dependencies": {
    "@pixi/accessibility": {
      "version": "6.2.0",
      "resolved": "https://registry.npmjs.org/@pixi/accessibility/-/accessibility-6.2.0.tgz",
      "integrity": "sha512-eih01Q8E+aI78ggJ/ONVPN6yK9L/P2XWu2DUJghhGlAaQ1vjlvZzGY2bfuZPwR2Dmake72qEoQY6hEGASjjV+w=="
    },
    "@pixi/app": {
      "version": "6.2.0",
      "resolved": "https://registry.npmjs.org/@pixi/app/-/app-6.2.0.tgz",
      "integrity": "sha512-X/VVB/Lk0VMXsdw+A15UIG8JlVU+yREWW2TSzto+ub0l3RjrphiHULhGUYE4/hbNC5RQzHC8j+lw3sBXItx1EQ=="
    },
    "@pixi/compressed-textures": {
      "version": "6.2.0",
      "resolved": "https://registry.npmjs.org/@pixi/compressed-textures/-/compressed-textures-6.2.0.tgz",
      "integrity": "sha512-NS6tCczzqFWEjah4+MO7t3mzXT1e3IlAHG1Ex4BeuDe296QIIaNhPAqcZPTZI3LlQpmnCw5V9g+yAQwRcF5g8w=="
    },
    "@pixi/constants": {
      "version": "6.2.0",
      "resolved": "https://registry.npmjs.org/@pixi/constants/-/constants-6.2.0.tgz",
      "integrity": "sha512-8WzYWtx3Q/UnH4WQIF6iDHLh9N2Lh0pU2jFluRehaXWtVmvfF5pB8XYFB5wllVNBKoeyfymk0g5G6y84dZ43Pw=="
    },
    "@pixi/core": {
      "version": "6.2.0",
      "resolved": "https://registry.npmjs.org/@pixi/core/-/core-6.2.0.tgz",
      "integrity": "sha512-RpPW5LPRoTl6bB27AGXxzJeq2KksRC0lp8C40l8F1+nJUj7AUJILOAvn9KLEmCFSUuIIp4sOcD66y5iFynfmvQ=="
    },
    "@pixi/display": {
      "version": "6.2.0",
      "resolved": "https://registry.npmjs.org/@pixi/display/-/display-6.2.0.tgz",
      "integrity": "sha512-uEphbxCvr9jnWD+0zStwUn8xQlMqA3wrhm4+xsUWJmQZkS1yV5dWwtFth5bbP3lAcP2/CpK9tUF/ScnLbys7NQ=="
    },
    "@pixi/extract": {
      "version": "6.2.0",
      "resolved": "https://registry.npmjs.org/@pixi/extract/-/extract-6.2.0.tgz",
      "integrity": "sha512-f6jcHSwqRpEIf3to39PRJPWlJiMzUHC6SFGfS12VBwxv0/TGE9HyMEGs04XsihPDFBFs7b4+GaR4kEKUUfzWCw=="
    },
    "@pixi/filter-alpha": {
      "version": "6.2.0",
      "resolved": "https://registry.npmjs.org/@pixi/filter-alpha/-/filter-alpha-6.2.0.tgz",
      "integrity": "sha512-E7imqhvWDffYoMnSB/4fskWywnnq3oVtReIgjTOYnT2+o89Mu6th8do/c8aaYKF/e+0Y95UkeIKiv2TjtPpV/Q=="
    },
    "@pixi/filter-blur": {
      "version": "6.2.0",
      "resolved": "https://registry.npmjs.org/@pixi/filter-blur/-/filter-blur-6.2.0.tgz",
      "integrity": "sha512-MEq1gklzaW4bl1HQDlwd4Vss4bQXPg+/L3dgwMfeoHsj+6CT30V5HoOXOUYK/EeYNBBg5ViLjVqnK6PadjWyOQ=="
    },
    "@pixi/filter-color-matrix": {
      "version": "6.2.0",
      "resolved": "https://registry.npmjs.org/@pixi/filter-color-matrix/-/filter-color-matrix-6.2.0.tgz",
      "integrity": "sha512-sJ9zELuz6MuPllZw3E/4+csT4kzzcw3EMFkFiJyYYndqJhRP+fc6iRTgnmYrmhDtBcqxfS/HAcrqUUgELlKbAA=="
    },
    "@pixi/filter-displacement": {
      "version": "6.2.0",
      "resolved": "https://registry.npmjs.org/@pixi/filter-displacement/-/filter-displacement-6.2.0.tgz",
      "integrity": "sha512-vL/ErS6EjMiEcqkTd93CE8kfjCZXSCktYaAmaeDZ/oPB18ldEqJ/oK18fOuzTC6RhJAfhOpw2xT0cDv+CT11XQ=="
    },
    "@pixi/filter-fxaa": {
      "version": "6.2.0",
      "resolved": "https://registry.npmjs.org/@pixi/filter-fxaa/-/filter-fxaa-6.2.0.tgz",
      "integrity": "sha512-S0cxGIlhJUMnSeODugz8gDwRamBBHjnEwRrKjJVllCxQGPYGAEcIKRpK+Ewv9+JuxezzW06MZIQ8SdyXanh/Cw=="
    },
    "@pixi/filter-noise": {
      "version": "6.2.0",
      "resolved": "https://registry.npmjs.org/@pixi/filter-noise/-/filter-noise-6.2.0.tgz",
      "integrity": "sha512-+vsUXgeZtPympkg2Qw9zFGraWJzLH63MhieveiX78qJi0BAqmUObjsil8hO2wTSnU+nfFEoPKRJwCbRnNuNtbA=="
    },
    "@pixi/graphics": {
      "version": "6.2.0",
      "resolved": "https://registry.npmjs.org/@pixi/graphics/-/graphics-6.2.0.tgz",
      "integrity": "sha512-VUh2o49FheH57U0G8cW371jpNy3JOxEQXy/DRCfm34hcRjlokOrdP/MtOibVruIOKVVZSGAb0ybsjF3N5ELIvg=="
    },
    "@pixi/graphics-smooth": {
      "version": "0.0.17",
      "resolved": "https://registry.npmjs.org/@pixi/graphics-smooth/-/graphics-smooth-0.0.17.tgz",
      "integrity": "sha512-EFTR7BqFm/QksRfwe9c5q+22oqV0fAJzYZi4Hmkq06DVs7asxQ4vnlSPdTOZA9UpBSGxFPlWSYSkqGpZkw7WJA=="
    },
    "@pixi/interaction": {
      "version": "6.2.0",
      "resolved": "https://registry.npmjs.org/@pixi/interaction/-/interaction-6.2.0.tgz",
      "integrity": "sha512-okuYrv7tqm9+Vb2N/+acKzR9nxQpuMoXAMTmm0rq53gTHCyliFds6lXRa8JHi3HufoAKhyHEP3QYrMgKRGvCiw=="
    },
    "@pixi/loaders": {
      "version": "6.2.0",
      "resolved": "https://registry.npmjs.org/@pixi/loaders/-/loaders-6.2.0.tgz",
      "integrity": "sha512-fkEErikWslkFycTuUYOe84rLfVRGLVT4mXIpqjS1AWHa+Q0NjhmMoSsmZbmp1NHg/gGgnta0q5kZI23X2SNyVw=="
    },
    "@pixi/math": {
      "version": "6.2.0",
      "resolved": "https://registry.npmjs.org/@pixi/math/-/math-6.2.0.tgz",
      "integrity": "sha512-S/whcwowZdK8X594ZDL0VNdPdzgNyb9cDhwDChhbRIKyVitxZcPPQZcBxDwWmaMyyqN6GKfIBX8wGVghVOI3lw=="
    },
    "@pixi/mesh": {
      "version": "6.2.0",
      "resolved": "https://registry.npmjs.org/@pixi/mesh/-/mesh-6.2.0.tgz",
      "integrity": "sha512-+2TM6OJdWcANH59Yl2kj+BAbYlglBIUMtUifs0clmRGqSQPsEiuHj3IFbxm89F4upfA5vIf/3GekRE/qLIhIxg=="
    },
    "@pixi/mesh-extras": {
      "version": "6.2.0",
      "resolved": "https://registry.npmjs.org/@pixi/mesh-extras/-/mesh-extras-6.2.0.tgz",
      "integrity": "sha512-E3FUh6FLGOmcwkMxVt//R/eqNUIZj3Bi9X9d7+9FIxuMaGVi/LdQ2tAdDJkWDx4HwAtRLslIhymbsl0x6IzJDQ=="
    },
    "@pixi/mixin-cache-as-bitmap": {
      "version": "6.2.0",
      "resolved": "https://registry.npmjs.org/@pixi/mixin-cache-as-bitmap/-/mixin-cache-as-bitmap-6.2.0.tgz",
      "integrity": "sha512-QkX1LPu4WOiE7huNYUFKecUB66tQhcb2f4glJ0bbVNICodAkbz6HfnX1eDezx/6GYX4e01VNDwQ3TfQil+5r5w=="
    },
    "@pixi/mixin-get-child-by-name": {
      "version": "6.2.0",
      "resolved": "https://registry.npmjs.org/@pixi/mixin-get-child-by-name/-/mixin-get-child-by-name-6.2.0.tgz",
      "integrity": "sha512-VCokQVg7Xh9QCUou553yfbu0FTi++E++7ByCUPqzTU1hR2VFQRmI8aIkrHNER+PolqnnrrCKFXR7bZW0RdHD+A=="
    },
    "@pixi/mixin-get-global-position": {
      "version": "6.2.0",
      "resolved": "https://registry.npmjs.org/@pixi/mixin-get-global-position/-/mixin-get-global-position-6.2.0.tgz",
      "integrity": "sha512-yaoqbzFlfD3e7Kh20f9r21G2zZsw9oveGhLbUgFnBGpvjCHArcWOTCjHrXYy9pKGaFOh6hpJYWbhx/Lhg+YpcQ=="
    },
    "@pixi/particle-container": {
      "version": "6.2.0",
      "resolved": "https://registry.npmjs.org/@pixi/particle-container/-/particle-container-6.2.0.tgz",
      "integrity": "sha512-DAYz3Mz20fl5firWS4aAFvZSZIQyS3z8Oq2kr/xHBQjtNiu8YBFNQWs/71pNG0Fg2dc/oIyy4aUIZCPLb54CSA=="
    },
    "@pixi/polyfill": {
      "version": "6.2.0",
      "resolved": "https://registry.npmjs.org/@pixi/polyfill/-/polyfill-6.2.0.tgz",
      "integrity": "sha512-UrcH9YtPV/ZquxQd7KY+ITT1Ccf4KY8xcbq5Aa839TpcYflk3suftzn4cBuOhW6ycnSjQB+LU7VEP1f4Kr1qpA==",
      "requires": {
        "object-assign": "^4.1.1",
        "promise-polyfill": "^8.2.0"
      }
    },
    "@pixi/prepare": {
      "version": "6.2.0",
      "resolved": "https://registry.npmjs.org/@pixi/prepare/-/prepare-6.2.0.tgz",
      "integrity": "sha512-tiO4EGbvWpLQ+xOIVTW5QBMYMa/9hhP/nghLqGA67m2ZFzD/f8KEWBZQZeUIMWuQ7XRwpNziBlFmsSSlqKk+/Q=="
    },
    "@pixi/runner": {
      "version": "6.2.0",
      "resolved": "https://registry.npmjs.org/@pixi/runner/-/runner-6.2.0.tgz",
      "integrity": "sha512-+tgO9IO+dMZhiok36AfzUWbEqhU6U+CxjF6n/iWCXElkAwj06gNXNyR7Ryib7V8NBd5opzP7XOxjZR/8A376DA=="
    },
    "@pixi/settings": {
      "version": "6.2.0",
      "resolved": "https://registry.npmjs.org/@pixi/settings/-/settings-6.2.0.tgz",
      "integrity": "sha512-nOtaM/6P6uXVJm5b4UWH41rm31fL8gT12H1pbf2qOTxqorSG/WGfXyLkSC/y8MvEMlEKJoej1S2HZKPQ/SwhZA==",
      "requires": {
        "ismobilejs": "^1.1.0"
      }
    },
    "@pixi/sprite": {
      "version": "6.2.0",
      "resolved": "https://registry.npmjs.org/@pixi/sprite/-/sprite-6.2.0.tgz",
      "integrity": "sha512-yG4tBBuI008inlvlkn9IiglWddrSoL6ah2R6Jgd6jh2RaKPfrNdH0D8t/MzshnOh30JvGP6sVAXaLSX3mRBWaw=="
    },
    "@pixi/sprite-animated": {
      "version": "6.2.0",
      "resolved": "https://registry.npmjs.org/@pixi/sprite-animated/-/sprite-animated-6.2.0.tgz",
      "integrity": "sha512-AcmKVzB/TXp0nyFUIoIweXMsLzd/6o6mtiy9M1f9tTd7eaIUgVwpLnsWM5rOahNpJaYq4S9Gnsy3cbGlljnRSw=="
    },
    "@pixi/sprite-tiling": {
      "version": "6.2.0",
      "resolved": "https://registry.npmjs.org/@pixi/sprite-tiling/-/sprite-tiling-6.2.0.tgz",
      "integrity": "sha512-GPcAjKZrEYt572+GNjhYjCdNuxSP6STu4+LvPqMq/AiQfXWvJvSRUfCZDf+u1pc33CUFMoYUr1TKXWMqGymDtg=="
    },
    "@pixi/spritesheet": {
      "version": "6.2.0",
      "resolved": "https://registry.npmjs.org/@pixi/spritesheet/-/spritesheet-6.2.0.tgz",
      "integrity": "sha512-wGXmo54qJO15/pd28FE6lMvfoJMIhi9nJ44AEtSmhGXqexs7T7NNzaEBZYFxyWTMFoEVJ1qxHUckOAnq12IXKg=="
    },
    "@pixi/text": {
      "version": "6.2.0",
      "resolved": "https://registry.npmjs.org/@pixi/text/-/text-6.2.0.tgz",
      "integrity": "sha512-iDrCWY0LuRtq8t0+PyH+xf74jW+lfVTRqqehOFFb0WJ9Ekdl7KpCeKXgPFVs8oer0bvxXKK2c00DPD8d1qq5uw=="
    },
    "@pixi/text-bitmap": {
      "version": "6.2.0",
      "resolved": "https://registry.npmjs.org/@pixi/text-bitmap/-/text-bitmap-6.2.0.tgz",
      "integrity": "sha512-H3GWWZ1WgwZ3JJn6RvtO4im5AQlfAN1zEHQyE66/adhte6HgzYrMvGgM5sug2f5ZFXl81O0vBddSakbg2myaXw=="
    },
    "@pixi/ticker": {
      "version": "6.2.0",
      "resolved": "https://registry.npmjs.org/@pixi/ticker/-/ticker-6.2.0.tgz",
      "integrity": "sha512-6X4hP2hciTdF776qhii9yiYQev/ZTPjFvuwZSHow7l33se81ORF33HFpcLdgZ7qgBQtT10+tOx8Fr6Ihu6yeUQ=="
    },
    "@pixi/utils": {
      "version": "6.2.0",
      "resolved": "https://registry.npmjs.org/@pixi/utils/-/utils-6.2.0.tgz",
      "integrity": "sha512-2WXNaeiDn/q64jJ7ZZUufL/vRfRVYrBJQuTk64sv8Ak1OxyTqwbfQQSfzGoyYpNZJdnAG5k8H+7u0GqJj9ts5Q==",
      "requires": {
        "@types/earcut": "^2.1.0",
        "earcut": "^2.2.2",
        "eventemitter3": "^3.1.0",
        "url": "^0.11.0"
      }
    },
    "@types/earcut": {
      "version": "2.1.1",
      "resolved": "https://registry.npmjs.org/@types/earcut/-/earcut-2.1.1.tgz",
      "integrity": "sha512-w8oigUCDjElRHRRrMvn/spybSMyX8MTkKA5Dv+tS1IE/TgmNZPqUYtvYBXGY8cieSE66gm+szeK+bnbxC2xHTQ=="
    },
    "earcut": {
      "version": "2.2.3",
      "resolved": "https://registry.npmjs.org/earcut/-/earcut-2.2.3.tgz",
      "integrity": "sha512-iRDI1QeCQIhMCZk48DRDMVgQSSBDmbzzNhnxIo+pwx3swkfjMh6vh0nWLq1NdvGHLKH6wIrAM3vQWeTj6qeoug=="
    },
    "eventemitter3": {
      "version": "3.1.2",
      "resolved": "https://registry.npmjs.org/eventemitter3/-/eventemitter3-3.1.2.tgz",
      "integrity": "sha512-tvtQIeLVHjDkJYnzf2dgVMxfuSGJeM/7UCG17TT4EumTfNtF+0nebF/4zWOIkCreAbtNqhGEboB6BWrwqNaw4Q=="
    },
    "ismobilejs": {
      "version": "1.1.1",
      "resolved": "https://registry.npmjs.org/ismobilejs/-/ismobilejs-1.1.1.tgz",
      "integrity": "sha512-VaFW53yt8QO61k2WJui0dHf4SlL8lxBofUuUmwBo0ljPk0Drz2TiuDW4jo3wDcv41qy/SxrJ+VAzJ/qYqsmzRw=="
    },
    "object-assign": {
      "version": "4.1.1",
      "resolved": "https://registry.npmjs.org/object-assign/-/object-assign-4.1.1.tgz",
      "integrity": "sha1-IQmtx5ZYh8/AXLvUQsrIv7s2CGM="
    },
    "pixi.js": {
      "version": "6.2.0",
      "resolved": "https://registry.npmjs.org/pixi.js/-/pixi.js-6.2.0.tgz",
      "integrity": "sha512-EJtbnN8N+w7MG89UICGrgC/+0KJojkNYSgVNwXG2UwP7k0k0AVOoy2b/0uRGllh6HI87ax5yDQe+NIjjhisFrA==",
      "requires": {
        "@pixi/accessibility": "6.2.0",
        "@pixi/app": "6.2.0",
        "@pixi/compressed-textures": "6.2.0",
        "@pixi/constants": "6.2.0",
        "@pixi/core": "6.2.0",
        "@pixi/display": "6.2.0",
        "@pixi/extract": "6.2.0",
        "@pixi/filter-alpha": "6.2.0",
        "@pixi/filter-blur": "6.2.0",
        "@pixi/filter-color-matrix": "6.2.0",
        "@pixi/filter-displacement": "6.2.0",
        "@pixi/filter-fxaa": "6.2.0",
        "@pixi/filter-noise": "6.2.0",
        "@pixi/graphics": "6.2.0",
        "@pixi/interaction": "6.2.0",
        "@pixi/loaders": "6.2.0",
        "@pixi/math": "6.2.0",
        "@pixi/mesh": "6.2.0",
        "@pixi/mesh-extras": "6.2.0",
        "@pixi/mixin-cache-as-bitmap": "6.2.0",
        "@pixi/mixin-get-child-by-name": "6.2.0",
        "@pixi/mixin-get-global-position": "6.2.0",
        "@pixi/particle-container": "6.2.0",
        "@pixi/polyfill": "6.2.0",
        "@pixi/prepare": "6.2.0",
        "@pixi/runner": "6.2.0",
        "@pixi/settings": "6.2.0",
        "@pixi/sprite": "6.2.0",
        "@pixi/sprite-animated": "6.2.0",
        "@pixi/sprite-tiling": "6.2.0",
        "@pixi/spritesheet": "6.2.0",
        "@pixi/text": "6.2.0",
        "@pixi/text-bitmap": "6.2.0",
        "@pixi/ticker": "6.2.0",
        "@pixi/utils": "6.2.0"
      }
    },
    "promise-polyfill": {
      "version": "8.2.1",
      "resolved": "https://registry.npmjs.org/promise-polyfill/-/promise-polyfill-8.2.1.tgz",
      "integrity": "sha512-3p9zj0cEHbp7NVUxEYUWjQlffXqnXaZIMPkAO7HhFh8u5636xLRDHOUo2vpWSK0T2mqm6fKLXYn1KP6PAZ2gKg=="
    },
    "punycode": {
      "version": "1.3.2",
      "resolved": "https://registry.npmjs.org/punycode/-/punycode-1.3.2.tgz",
      "integrity": "sha1-llOgNvt8HuQjQvIyXM7v6jkmxI0="
    },
    "querystring": {
      "version": "0.2.0",
      "resolved": "https://registry.npmjs.org/querystring/-/querystring-0.2.0.tgz",
      "integrity": "sha1-sgmEkgO7Jd+CDadW50cAWHhSFiA="
    },
    "url": {
      "version": "0.11.0",
      "resolved": "https://registry.npmjs.org/url/-/url-0.11.0.tgz",
      "integrity": "sha1-ODjpfPxgUh63PFJajlW/3Z4uKPE=",
      "requires": {
        "punycode": "1.3.2",
        "querystring": "0.2.0"
      }
    }
  }
}
